{
  "name": "artax-asset-manager",
  "version": "0.0.0",
  "lockfileVersion": 2,
  "requires": true,
  "packages": {
    "": {
      "name": "artax-asset-manager",
      "version": "0.0.0",
      "type": "module",
      "dependencies": {
        "react": "^19.2.3",
        "react-dom": "^19.2.3",
        "openai": "^4.62.0"
      },
      "devDependencies": {
        "@types/node": "^22.14.0",
        "@vitejs/plugin-react": "^5.0.0",
        "typescript": "^5.8.2",
        "vite": "^6.2.0"
      }
    }
  }
}
